<?xml version="1.0" encoding="utf-8"?>
<Project ToolsVersion="4.0" xmlns="http://schemas.microsoft.com/developer/msbuild/2003">
  <ItemGroup>
    <Filter Include="Third Party Source">
      <UniqueIdentifier>{46de3952-a2a1-4a81-8b98-9c847d2529c6}</UniqueIdentifier>
    </Filter>
    <Filter Include="Third Party Source\GLEW">
      <UniqueIdentifier>{02da3d57-4772-40fd-8a05-65b778039a3e}</UniqueIdentifier>
    </Filter>
    <Filter Include="Universe">
      <UniqueIdentifier>{054d104f-4d7c-41d0-92dc-27cc84e3dccc}</UniqueIdentifier>
    </Filter>
    <Filter Include="Third Party Source\SOIL">
      <UniqueIdentifier>{42dc8901-3190-4897-a0f2-6e3318d6340d}</UniqueIdentifier>
    </Filter>
    <Filter Include="Shaders">
      <UniqueIdentifier>{069fc666-fb30-4e6d-8dc0-a83b2c273a8c}</UniqueIdentifier>
    </Filter>
    <Filter Include="Input">
      <UniqueIdentifier>{76cd668a-0176-4e3c-9b73-28edd713b8b0}</UniqueIdentifier>
    </Filter>
    <Filter Include="External Source">
      <UniqueIdentifier>{d3a30bde-a069-49e6-9bc7-38b10358ba75}</UniqueIdentifier>
    </Filter>
    <Filter Include="GUI">
      <UniqueIdentifier>{ff802250-963e-4603-a468-dbc2b89af525}</UniqueIdentifier>
    </Filter>
    <Filter Include="Shaders\Image Files">
      <UniqueIdentifier>{bc95be3e-4cfb-4592-a4df-07d8ee752fdf}</UniqueIdentifier>
    </Filter>
    <Filter Include="Third Party Source\FreeType">
      <UniqueIdentifier>{bdfec9b9-df7a-4616-9495-7f1407bd8c99}</UniqueIdentifier>
    </Filter>
    <Filter Include="Third Party Source\FreeType\include">
      <UniqueIdentifier>{b9295d89-8817-4124-9401-9933c2890efc}</UniqueIdentifier>
    </Filter>
    <Filter Include="Third Party Source\FreeType\include\freetype">
      <UniqueIdentifier>{71abb598-637a-447d-ab31-a5573bc03c83}</UniqueIdentifier>
    </Filter>
    <Filter Include="Third Party Source\FreeType\include\freetype\config">
      <UniqueIdentifier>{f335d678-64c4-41d8-bfca-35bee0f0d521}</UniqueIdentifier>
    </Filter>
    <Filter Include="Third Party Source\FreeType\include\freetype\internal">
      <UniqueIdentifier>{3724f2ad-f6bd-4b59-b056-c017d4a31b8f}</UniqueIdentifier>
    </Filter>
    <Filter Include="Third Party Source\FreeType\include\freetype\internal\services">
      <UniqueIdentifier>{f20023b8-3909-4c96-9e76-d00780899c6d}</UniqueIdentifier>
    </Filter>
    <Filter Include="Third Party Source\GLFW">
      <UniqueIdentifier>{e4d9b890-0ae7-4bb7-8e72-aa4a929e2e2d}</UniqueIdentifier>
    </Filter>
    <Filter Include="Third Party Source\GLFW\win32">
      <UniqueIdentifier>{ae097342-2e08-477c-8043-98de7409639c}</UniqueIdentifier>
    </Filter>
    <Filter Include="Third Party Source\GL">
      <UniqueIdentifier>{11113570-1dbe-4efc-aa32-147e5415fe0c}</UniqueIdentifier>
    </Filter>
  </ItemGroup>
  <ItemGroup>
    <ClInclude Include="Universe.h">
      <Filter>Universe</Filter>
    </ClInclude>
    <ClInclude Include="Scene.h">
      <Filter>Universe</Filter>
    </ClInclude>
    <ClInclude Include="Shader.h">
      <Filter>Universe</Filter>
    </ClInclude>
    <ClInclude Include="Texture.h">
      <Filter>Universe</Filter>
    </ClInclude>
    <ClInclude Include="Transform.h">
      <Filter>Universe</Filter>
    </ClInclude>
    <ClInclude Include="Object.h">
      <Filter>Universe</Filter>
    </ClInclude>
    <ClInclude Include="Mesh.h">
      <Filter>Universe</Filter>
    </ClInclude>
    <ClInclude Include="SOIL\image_DXT.h">
      <Filter>Third Party Source\SOIL</Filter>
    </ClInclude>
    <ClInclude Include="SOIL\image_helper.h">
      <Filter>Third Party Source\SOIL</Filter>
    </ClInclude>
    <ClInclude Include="SOIL\SOIL.h">
      <Filter>Third Party Source\SOIL</Filter>
    </ClInclude>
    <ClInclude Include="SOIL\stb_image_aug.h">
      <Filter>Third Party Source\SOIL</Filter>
    </ClInclude>
    <ClInclude Include="SOIL\stbi_DDS_aug.h">
      <Filter>Third Party Source\SOIL</Filter>
    </ClInclude>
    <ClInclude Include="SOIL\stbi_DDS_aug_c.h">
      <Filter>Third Party Source\SOIL</Filter>
    </ClInclude>
    <ClInclude Include="Input.h">
      <Filter>Input</Filter>
    </ClInclude>
    <ClInclude Include="Object_Newton.h">
      <Filter>Universe</Filter>
    </ClInclude>
    <ClInclude Include="ShaderDefaults.h">
      <Filter>Shaders</Filter>
    </ClInclude>
    <ClInclude Include="Clickable.h">
      <Filter>GUI</Filter>
    </ClInclude>
    <ClInclude Include="Sprite.h">
      <Filter>GUI</Filter>
    </ClInclude>
    <ClInclude Include="Object_BitmapText.h">
      <Filter>GUI</Filter>
    </ClInclude>
    <ClInclude Include="Raster.h">
      <Filter>GUI</Filter>
    </ClInclude>
    <ClInclude Include="Input_Interactable.h">
      <Filter>Input</Filter>
    </ClInclude>
    <ClInclude Include="FreeType\basepic.h">
      <Filter>Third Party Source\FreeType</Filter>
    </ClInclude>
    <ClInclude Include="FreeType\ftbase.h">
      <Filter>Third Party Source\FreeType</Filter>
    </ClInclude>
    <ClInclude Include="FreeType\ftgrays.h">
      <Filter>Third Party Source\FreeType</Filter>
    </ClInclude>
    <ClInclude Include="FreeType\ftmisc.h">
      <Filter>Third Party Source\FreeType</Filter>
    </ClInclude>
    <ClInclude Include="FreeType\ftraster.h">
      <Filter>Third Party Source\FreeType</Filter>
    </ClInclude>
    <ClInclude Include="FreeType\ftrend1.h">
      <Filter>Third Party Source\FreeType</Filter>
    </ClInclude>
    <ClInclude Include="FreeType\ftsmerrs.h">
      <Filter>Third Party Source\FreeType</Filter>
    </ClInclude>
    <ClInclude Include="FreeType\ftsmooth.h">
      <Filter>Third Party Source\FreeType</Filter>
    </ClInclude>
    <ClInclude Include="FreeType\ftspic.h">
      <Filter>Third Party Source\FreeType</Filter>
    </ClInclude>
    <ClInclude Include="FreeType\rasterrs.h">
      <Filter>Third Party Source\FreeType</Filter>
    </ClInclude>
    <ClInclude Include="FreeType\rastpic.h">
      <Filter>Third Party Source\FreeType</Filter>
    </ClInclude>
    <ClInclude Include="FreeType\include\ft2build.h">
      <Filter>Third Party Source\FreeType\include</Filter>
    </ClInclude>
    <ClInclude Include="FreeType\include\freetype\freetype.h">
      <Filter>Third Party Source\FreeType\include\freetype</Filter>
    </ClInclude>
    <ClInclude Include="FreeType\include\freetype\ftadvanc.h">
      <Filter>Third Party Source\FreeType\include\freetype</Filter>
    </ClInclude>
    <ClInclude Include="FreeType\include\freetype\ftbbox.h">
      <Filter>Third Party Source\FreeType\include\freetype</Filter>
    </ClInclude>
    <ClInclude Include="FreeType\include\freetype\ftbdf.h">
      <Filter>Third Party Source\FreeType\include\freetype</Filter>
    </ClInclude>
    <ClInclude Include="FreeType\include\freetype\ftbitmap.h">
      <Filter>Third Party Source\FreeType\include\freetype</Filter>
    </ClInclude>
    <ClInclude Include="FreeType\include\freetype\ftbzip2.h">
      <Filter>Third Party Source\FreeType\include\freetype</Filter>
    </ClInclude>
    <ClInclude Include="FreeType\include\freetype\ftcache.h">
      <Filter>Third Party Source\FreeType\include\freetype</Filter>
    </ClInclude>
    <ClInclude Include="FreeType\include\freetype\ftchapters.h">
      <Filter>Third Party Source\FreeType\include\freetype</Filter>
    </ClInclude>
    <ClInclude Include="FreeType\include\freetype\ftcid.h">
      <Filter>Third Party Source\FreeType\include\freetype</Filter>
    </ClInclude>
    <ClInclude Include="FreeType\include\freetype\fterrdef.h">
      <Filter>Third Party Source\FreeType\include\freetype</Filter>
    </ClInclude>
    <ClInclude Include="FreeType\include\freetype\fterrors.h">
      <Filter>Third Party Source\FreeType\include\freetype</Filter>
    </ClInclude>
    <ClInclude Include="FreeType\include\freetype\ftgasp.h">
      <Filter>Third Party Source\FreeType\include\freetype</Filter>
    </ClInclude>
    <ClInclude Include="FreeType\include\freetype\ftglyph.h">
      <Filter>Third Party Source\FreeType\include\freetype</Filter>
    </ClInclude>
    <ClInclude Include="FreeType\include\freetype\ftgxval.h">
      <Filter>Third Party Source\FreeType\include\freetype</Filter>
    </ClInclude>
    <ClInclude Include="FreeType\include\freetype\ftgzip.h">
      <Filter>Third Party Source\FreeType\include\freetype</Filter>
    </ClInclude>
    <ClInclude Include="FreeType\include\freetype\ftimage.h">
      <Filter>Third Party Source\FreeType\include\freetype</Filter>
    </ClInclude>
    <ClInclude Include="FreeType\include\freetype\ftincrem.h">
      <Filter>Third Party Source\FreeType\include\freetype</Filter>
    </ClInclude>
    <ClInclude Include="FreeType\include\freetype\ftlcdfil.h">
      <Filter>Third Party Source\FreeType\include\freetype</Filter>
    </ClInclude>
    <ClInclude Include="FreeType\include\freetype\ftlist.h">
      <Filter>Third Party Source\FreeType\include\freetype</Filter>
    </ClInclude>
    <ClInclude Include="FreeType\include\freetype\ftlzw.h">
      <Filter>Third Party Source\FreeType\include\freetype</Filter>
    </ClInclude>
    <ClInclude Include="FreeType\include\freetype\ftmac.h">
      <Filter>Third Party Source\FreeType\include\freetype</Filter>
    </ClInclude>
    <ClInclude Include="FreeType\include\freetype\ftmm.h">
      <Filter>Third Party Source\FreeType\include\freetype</Filter>
    </ClInclude>
    <ClInclude Include="FreeType\include\freetype\ftmodapi.h">
      <Filter>Third Party Source\FreeType\include\freetype</Filter>
    </ClInclude>
    <ClInclude Include="FreeType\include\freetype\ftmoderr.h">
      <Filter>Third Party Source\FreeType\include\freetype</Filter>
    </ClInclude>
    <ClInclude Include="FreeType\include\freetype\ftotval.h">
      <Filter>Third Party Source\FreeType\include\freetype</Filter>
    </ClInclude>
    <ClInclude Include="FreeType\include\freetype\ftoutln.h">
      <Filter>Third Party Source\FreeType\include\freetype</Filter>
    </ClInclude>
    <ClInclude Include="FreeType\include\freetype\ftpfr.h">
      <Filter>Third Party Source\FreeType\include\freetype</Filter>
    </ClInclude>
    <ClInclude Include="FreeType\include\freetype\ftrender.h">
      <Filter>Third Party Source\FreeType\include\freetype</Filter>
    </ClInclude>
    <ClInclude Include="FreeType\include\freetype\ftsizes.h">
      <Filter>Third Party Source\FreeType\include\freetype</Filter>
    </ClInclude>
    <ClInclude Include="FreeType\include\freetype\ftsnames.h">
      <Filter>Third Party Source\FreeType\include\freetype</Filter>
    </ClInclude>
    <ClInclude Include="FreeType\include\freetype\ftstroke.h">
      <Filter>Third Party Source\FreeType\include\freetype</Filter>
    </ClInclude>
    <ClInclude Include="FreeType\include\freetype\ftsynth.h">
      <Filter>Third Party Source\FreeType\include\freetype</Filter>
    </ClInclude>
    <ClInclude Include="FreeType\include\freetype\ftsystem.h">
      <Filter>Third Party Source\FreeType\include\freetype</Filter>
    </ClInclude>
    <ClInclude Include="FreeType\include\freetype\fttrigon.h">
      <Filter>Third Party Source\FreeType\include\freetype</Filter>
    </ClInclude>
    <ClInclude Include="FreeType\include\freetype\fttypes.h">
      <Filter>Third Party Source\FreeType\include\freetype</Filter>
    </ClInclude>
    <ClInclude Include="FreeType\include\freetype\ftwinfnt.h">
      <Filter>Third Party Source\FreeType\include\freetype</Filter>
    </ClInclude>
    <ClInclude Include="FreeType\include\freetype\ftxf86.h">
      <Filter>Third Party Source\FreeType\include\freetype</Filter>
    </ClInclude>
    <ClInclude Include="FreeType\include\freetype\t1tables.h">
      <Filter>Third Party Source\FreeType\include\freetype</Filter>
    </ClInclude>
    <ClInclude Include="FreeType\include\freetype\ttnameid.h">
      <Filter>Third Party Source\FreeType\include\freetype</Filter>
    </ClInclude>
    <ClInclude Include="FreeType\include\freetype\tttables.h">
      <Filter>Third Party Source\FreeType\include\freetype</Filter>
    </ClInclude>
    <ClInclude Include="FreeType\include\freetype\tttags.h">
      <Filter>Third Party Source\FreeType\include\freetype</Filter>
    </ClInclude>
    <ClInclude Include="FreeType\include\freetype\ttunpat.h">
      <Filter>Third Party Source\FreeType\include\freetype</Filter>
    </ClInclude>
    <ClInclude Include="FreeType\include\freetype\internal\services\svbdf.h">
      <Filter>Third Party Source\FreeType\include\freetype\internal\services</Filter>
    </ClInclude>
    <ClInclude Include="FreeType\include\freetype\internal\services\svcid.h">
      <Filter>Third Party Source\FreeType\include\freetype\internal\services</Filter>
    </ClInclude>
    <ClInclude Include="FreeType\include\freetype\internal\services\svgldict.h">
      <Filter>Third Party Source\FreeType\include\freetype\internal\services</Filter>
    </ClInclude>
    <ClInclude Include="FreeType\include\freetype\internal\services\svgxval.h">
      <Filter>Third Party Source\FreeType\include\freetype\internal\services</Filter>
    </ClInclude>
    <ClInclude Include="FreeType\include\freetype\internal\services\svkern.h">
      <Filter>Third Party Source\FreeType\include\freetype\internal\services</Filter>
    </ClInclude>
    <ClInclude Include="FreeType\include\freetype\internal\services\svmm.h">
      <Filter>Third Party Source\FreeType\include\freetype\internal\services</Filter>
    </ClInclude>
    <ClInclude Include="FreeType\include\freetype\internal\services\svotval.h">
      <Filter>Third Party Source\FreeType\include\freetype\internal\services</Filter>
    </ClInclude>
    <ClInclude Include="FreeType\include\freetype\internal\services\svpfr.h">
      <Filter>Third Party Source\FreeType\include\freetype\internal\services</Filter>
    </ClInclude>
    <ClInclude Include="FreeType\include\freetype\internal\services\svpostnm.h">
      <Filter>Third Party Source\FreeType\include\freetype\internal\services</Filter>
    </ClInclude>
    <ClInclude Include="FreeType\include\freetype\internal\services\svpscmap.h">
      <Filter>Third Party Source\FreeType\include\freetype\internal\services</Filter>
    </ClInclude>
    <ClInclude Include="FreeType\include\freetype\internal\services\svpsinfo.h">
      <Filter>Third Party Source\FreeType\include\freetype\internal\services</Filter>
    </ClInclude>
    <ClInclude Include="FreeType\include\freetype\internal\services\svsfnt.h">
      <Filter>Third Party Source\FreeType\include\freetype\internal\services</Filter>
    </ClInclude>
    <ClInclude Include="FreeType\include\freetype\internal\services\svttcmap.h">
      <Filter>Third Party Source\FreeType\include\freetype\internal\services</Filter>
    </ClInclude>
    <ClInclude Include="FreeType\include\freetype\internal\services\svtteng.h">
      <Filter>Third Party Source\FreeType\include\freetype\internal\services</Filter>
    </ClInclude>
    <ClInclude Include="FreeType\include\freetype\internal\services\svttglyf.h">
      <Filter>Third Party Source\FreeType\include\freetype\internal\services</Filter>
    </ClInclude>
    <ClInclude Include="FreeType\include\freetype\internal\services\svwinfnt.h">
      <Filter>Third Party Source\FreeType\include\freetype\internal\services</Filter>
    </ClInclude>
    <ClInclude Include="FreeType\include\freetype\internal\services\svxf86nm.h">
      <Filter>Third Party Source\FreeType\include\freetype\internal\services</Filter>
    </ClInclude>
    <ClInclude Include="FreeType\include\freetype\internal\autohint.h">
      <Filter>Third Party Source\FreeType\include\freetype\internal</Filter>
    </ClInclude>
    <ClInclude Include="FreeType\include\freetype\internal\ftcalc.h">
      <Filter>Third Party Source\FreeType\include\freetype\internal</Filter>
    </ClInclude>
    <ClInclude Include="FreeType\include\freetype\internal\ftdebug.h">
      <Filter>Third Party Source\FreeType\include\freetype\internal</Filter>
    </ClInclude>
    <ClInclude Include="FreeType\include\freetype\internal\ftdriver.h">
      <Filter>Third Party Source\FreeType\include\freetype\internal</Filter>
    </ClInclude>
    <ClInclude Include="FreeType\include\freetype\internal\ftgloadr.h">
      <Filter>Third Party Source\FreeType\include\freetype\internal</Filter>
    </ClInclude>
    <ClInclude Include="FreeType\include\freetype\internal\ftmemory.h">
      <Filter>Third Party Source\FreeType\include\freetype\internal</Filter>
    </ClInclude>
    <ClInclude Include="FreeType\include\freetype\internal\ftobjs.h">
      <Filter>Third Party Source\FreeType\include\freetype\internal</Filter>
    </ClInclude>
    <ClInclude Include="FreeType\include\freetype\internal\ftpic.h">
      <Filter>Third Party Source\FreeType\include\freetype\internal</Filter>
    </ClInclude>
    <ClInclude Include="FreeType\include\freetype\internal\ftrfork.h">
      <Filter>Third Party Source\FreeType\include\freetype\internal</Filter>
    </ClInclude>
    <ClInclude Include="FreeType\include\freetype\internal\ftserv.h">
      <Filter>Third Party Source\FreeType\include\freetype\internal</Filter>
    </ClInclude>
    <ClInclude Include="FreeType\include\freetype\internal\ftstream.h">
      <Filter>Third Party Source\FreeType\include\freetype\internal</Filter>
    </ClInclude>
    <ClInclude Include="FreeType\include\freetype\internal\fttrace.h">
      <Filter>Third Party Source\FreeType\include\freetype\internal</Filter>
    </ClInclude>
    <ClInclude Include="FreeType\include\freetype\internal\ftvalid.h">
      <Filter>Third Party Source\FreeType\include\freetype\internal</Filter>
    </ClInclude>
    <ClInclude Include="FreeType\include\freetype\internal\internal.h">
      <Filter>Third Party Source\FreeType\include\freetype\internal</Filter>
    </ClInclude>
    <ClInclude Include="FreeType\include\freetype\internal\psaux.h">
      <Filter>Third Party Source\FreeType\include\freetype\internal</Filter>
    </ClInclude>
    <ClInclude Include="FreeType\include\freetype\internal\pshints.h">
      <Filter>Third Party Source\FreeType\include\freetype\internal</Filter>
    </ClInclude>
    <ClInclude Include="FreeType\include\freetype\internal\sfnt.h">
      <Filter>Third Party Source\FreeType\include\freetype\internal</Filter>
    </ClInclude>
    <ClInclude Include="FreeType\include\freetype\internal\t1types.h">
      <Filter>Third Party Source\FreeType\include\freetype\internal</Filter>
    </ClInclude>
    <ClInclude Include="FreeType\include\freetype\internal\tttypes.h">
      <Filter>Third Party Source\FreeType\include\freetype\internal</Filter>
    </ClInclude>
    <ClInclude Include="FreeType\include\freetype\config\ftconfig.h">
      <Filter>Third Party Source\FreeType\include\freetype\config</Filter>
    </ClInclude>
    <ClInclude Include="FreeType\include\freetype\config\ftheader.h">
      <Filter>Third Party Source\FreeType\include\freetype\config</Filter>
    </ClInclude>
    <ClInclude Include="FreeType\include\freetype\config\ftmodule.h">
      <Filter>Third Party Source\FreeType\include\freetype\config</Filter>
    </ClInclude>
    <ClInclude Include="FreeType\include\freetype\config\ftoption.h">
      <Filter>Third Party Source\FreeType\include\freetype\config</Filter>
    </ClInclude>
    <ClInclude Include="FreeType\include\freetype\config\ftstdlib.h">
      <Filter>Third Party Source\FreeType\include\freetype\config</Filter>
    </ClInclude>
    <ClInclude Include="GLFW\internal.h">
      <Filter>Third Party Source\GLFW</Filter>
    </ClInclude>
    <ClInclude Include="GLFW\win32\platform.h">
      <Filter>Third Party Source\GLFW\win32</Filter>
    </ClInclude>
    <ClInclude Include="GL\glew.h">
      <Filter>Third Party Source\GL</Filter>
    </ClInclude>
    <ClInclude Include="GL\glxew.h">
      <Filter>Third Party Source\GL</Filter>
    </ClInclude>
    <ClInclude Include="GL\wglew.h">
      <Filter>Third Party Source\GL</Filter>
    </ClInclude>
    <ClInclude Include="GL\glfw.h">
      <Filter>Third Party Source\GL</Filter>
    </ClInclude>
  </ItemGroup>
  <ItemGroup>
    <None Include="Shaders\texture_f.glsl">
      <Filter>Shaders</Filter>
    </None>
    <None Include="Shaders\texture_v.glsl">
      <Filter>Shaders</Filter>
    </None>
    <None Include="Shaders\testTexture1.bmp">
      <Filter>Shaders\Image Files</Filter>
    </None>
    <None Include="Shaders\testFont1.bmp">
      <Filter>Shaders\Image Files</Filter>
    </None>
    <None Include="Shaders\testFont1.png">
      <Filter>Shaders\Image Files</Filter>
    </None>
    <None Include="FreeType\FTL.TXT">
      <Filter>Third Party Source\FreeType</Filter>
    </None>
  </ItemGroup>
  <ItemGroup>
    <ClCompile Include="main.cpp" />
    <ClCompile Include="Transform.cpp">
      <Filter>Universe</Filter>
    </ClCompile>
    <ClCompile Include="Mesh.cpp">
      <Filter>Universe</Filter>
    </ClCompile>
    <ClCompile Include="MeshPrimitives.cpp">
      <Filter>Universe</Filter>
    </ClCompile>
    <ClCompile Include="Texture.cpp">
      <Filter>Universe</Filter>
    </ClCompile>
    <ClCompile Include="SOIL\image_DXT.c">
      <Filter>Third Party Source\SOIL</Filter>
    </ClCompile>
    <ClCompile Include="SOIL\image_helper.c">
      <Filter>Third Party Source\SOIL</Filter>
    </ClCompile>
    <ClCompile Include="SOIL\SOIL.c">
      <Filter>Third Party Source\SOIL</Filter>
    </ClCompile>
    <ClCompile Include="SOIL\stb_image_aug.c">
      <Filter>Third Party Source\SOIL</Filter>
    </ClCompile>
    <ClCompile Include="Shader.cpp">
      <Filter>Universe</Filter>
    </ClCompile>
    <ClCompile Include="MeshLoader.cpp">
      <Filter>Universe</Filter>
    </ClCompile>
    <ClCompile Include="Object.cpp">
      <Filter>Universe</Filter>
    </ClCompile>
    <ClCompile Include="Scene.cpp">
      <Filter>Universe</Filter>
    </ClCompile>
    <ClCompile Include="Universe.cpp">
      <Filter>Universe</Filter>
    </ClCompile>
    <ClCompile Include="Input.cpp">
      <Filter>Input</Filter>
    </ClCompile>
    <ClCompile Include="..\Core\timer.cpp">
      <Filter>External Source</Filter>
    </ClCompile>
    <ClCompile Include="Object_Newton.cpp">
      <Filter>Universe</Filter>
    </ClCompile>
    <ClCompile Include="..\Core\string_.cpp">
      <Filter>External Source</Filter>
    </ClCompile>
    <ClCompile Include="ShaderDefaults.cpp">
      <Filter>Shaders</Filter>
    </ClCompile>
    <ClCompile Include="..\Core\debug.cpp">
      <Filter>External Source</Filter>
    </ClCompile>
    <ClCompile Include="Clickable.cpp">
      <Filter>GUI</Filter>
    </ClCompile>
    <ClCompile Include="Sprite.cpp">
      <Filter>GUI</Filter>
    </ClCompile>
    <ClCompile Include="Object_BitmapText.cpp">
      <Filter>GUI</Filter>
    </ClCompile>
    <ClCompile Include="Raster.cpp">
      <Filter>GUI</Filter>
    </ClCompile>
    <ClCompile Include="Input_Interactable.cpp">
      <Filter>Input</Filter>
    </ClCompile>
    <ClCompile Include="FreeType\basepic.c">
      <Filter>Third Party Source\FreeType</Filter>
    </ClCompile>
    <ClCompile Include="FreeType\ftadvanc.c">
      <Filter>Third Party Source\FreeType</Filter>
    </ClCompile>
    <ClCompile Include="FreeType\ftapi.c">
      <Filter>Third Party Source\FreeType</Filter>
    </ClCompile>
    <ClCompile Include="FreeType\ftbbox.c">
      <Filter>Third Party Source\FreeType</Filter>
    </ClCompile>
    <ClCompile Include="FreeType\ftbdf.c">
      <Filter>Third Party Source\FreeType</Filter>
    </ClCompile>
    <ClCompile Include="FreeType\ftbitmap.c">
      <Filter>Third Party Source\FreeType</Filter>
    </ClCompile>
    <ClCompile Include="FreeType\ftcalc.c">
      <Filter>Third Party Source\FreeType</Filter>
    </ClCompile>
    <ClCompile Include="FreeType\ftcid.c">
      <Filter>Third Party Source\FreeType</Filter>
    </ClCompile>
    <ClCompile Include="FreeType\ftdbgmem.c">
      <Filter>Third Party Source\FreeType</Filter>
    </ClCompile>
    <ClCompile Include="FreeType\ftdebug.c">
      <Filter>Third Party Source\FreeType</Filter>
    </ClCompile>
    <ClCompile Include="FreeType\ftfstype.c">
      <Filter>Third Party Source\FreeType</Filter>
    </ClCompile>
    <ClCompile Include="FreeType\ftgasp.c">
      <Filter>Third Party Source\FreeType</Filter>
    </ClCompile>
    <ClCompile Include="FreeType\ftgloadr.c">
      <Filter>Third Party Source\FreeType</Filter>
    </ClCompile>
    <ClCompile Include="FreeType\ftglyph.c">
      <Filter>Third Party Source\FreeType</Filter>
    </ClCompile>
    <ClCompile Include="FreeType\ftgrays.c">
      <Filter>Third Party Source\FreeType</Filter>
    </ClCompile>
    <ClCompile Include="FreeType\ftgxval.c">
      <Filter>Third Party Source\FreeType</Filter>
    </ClCompile>
    <ClCompile Include="FreeType\ftinit.c">
      <Filter>Third Party Source\FreeType</Filter>
    </ClCompile>
    <ClCompile Include="FreeType\ftlcdfil.c">
      <Filter>Third Party Source\FreeType</Filter>
    </ClCompile>
    <ClCompile Include="FreeType\ftmac.c">
      <Filter>Third Party Source\FreeType</Filter>
    </ClCompile>
    <ClCompile Include="FreeType\ftmm.c">
      <Filter>Third Party Source\FreeType</Filter>
    </ClCompile>
    <ClCompile Include="FreeType\ftobjs.c">
      <Filter>Third Party Source\FreeType</Filter>
    </ClCompile>
    <ClCompile Include="FreeType\ftotval.c">
      <Filter>Third Party Source\FreeType</Filter>
    </ClCompile>
    <ClCompile Include="FreeType\ftoutln.c">
      <Filter>Third Party Source\FreeType</Filter>
    </ClCompile>
    <ClCompile Include="FreeType\ftpatent.c">
      <Filter>Third Party Source\FreeType</Filter>
    </ClCompile>
    <ClCompile Include="FreeType\ftpfr.c">
      <Filter>Third Party Source\FreeType</Filter>
    </ClCompile>
    <ClCompile Include="FreeType\ftpic.c">
      <Filter>Third Party Source\FreeType</Filter>
    </ClCompile>
    <ClCompile Include="FreeType\ftraster.c">
      <Filter>Third Party Source\FreeType</Filter>
    </ClCompile>
    <ClCompile Include="FreeType\ftrend1.c">
      <Filter>Third Party Source\FreeType</Filter>
    </ClCompile>
    <ClCompile Include="FreeType\ftrfork.c">
      <Filter>Third Party Source\FreeType</Filter>
    </ClCompile>
    <ClCompile Include="FreeType\ftsmooth.c">
      <Filter>Third Party Source\FreeType</Filter>
    </ClCompile>
    <ClCompile Include="FreeType\ftsnames.c">
      <Filter>Third Party Source\FreeType</Filter>
    </ClCompile>
    <ClCompile Include="FreeType\ftspic.c">
      <Filter>Third Party Source\FreeType</Filter>
    </ClCompile>
    <ClCompile Include="FreeType\ftstream.c">
      <Filter>Third Party Source\FreeType</Filter>
    </ClCompile>
    <ClCompile Include="FreeType\ftstroke.c">
      <Filter>Third Party Source\FreeType</Filter>
    </ClCompile>
    <ClCompile Include="FreeType\ftsynth.c">
      <Filter>Third Party Source\FreeType</Filter>
    </ClCompile>
    <ClCompile Include="FreeType\ftsystem.c">
      <Filter>Third Party Source\FreeType</Filter>
    </ClCompile>
    <ClCompile Include="FreeType\fttrigon.c">
      <Filter>Third Party Source\FreeType</Filter>
    </ClCompile>
    <ClCompile Include="FreeType\fttype1.c">
      <Filter>Third Party Source\FreeType</Filter>
    </ClCompile>
    <ClCompile Include="FreeType\ftutil.c">
      <Filter>Third Party Source\FreeType</Filter>
    </ClCompile>
    <ClCompile Include="FreeType\ftwinfnt.c">
      <Filter>Third Party Source\FreeType</Filter>
    </ClCompile>
    <ClCompile Include="FreeType\ftxf86.c">
      <Filter>Third Party Source\FreeType</Filter>
    </ClCompile>
    <ClCompile Include="FreeType\raster.c">
      <Filter>Third Party Source\FreeType</Filter>
    </ClCompile>
    <ClCompile Include="FreeType\rastpic.c">
      <Filter>Third Party Source\FreeType</Filter>
    </ClCompile>
    <ClCompile Include="FreeType\smooth.c">
      <Filter>Third Party Source\FreeType</Filter>
    </ClCompile>
    <ClCompile Include="FreeType\ftbase.c">
      <Filter>Third Party Source\FreeType</Filter>
    </ClCompile>
    <ClCompile Include="GLFW\enable.c">
      <Filter>Third Party Source\GLFW</Filter>
    </ClCompile>
    <ClCompile Include="GLFW\fullscreen.c">
      <Filter>Third Party Source\GLFW</Filter>
    </ClCompile>
    <ClCompile Include="GLFW\glext.c">
      <Filter>Third Party Source\GLFW</Filter>
    </ClCompile>
    <ClCompile Include="GLFW\image.c">
      <Filter>Third Party Source\GLFW</Filter>
    </ClCompile>
    <ClCompile Include="GLFW\init.c">
      <Filter>Third Party Source\GLFW</Filter>
    </ClCompile>
    <ClCompile Include="GLFW\joystick.c">
      <Filter>Third Party Source\GLFW</Filter>
    </ClCompile>
    <ClCompile Include="GLFW\stream.c">
      <Filter>Third Party Source\GLFW</Filter>
    </ClCompile>
    <ClCompile Include="GLFW\tga.c">
      <Filter>Third Party Source\GLFW</Filter>
    </ClCompile>
    <ClCompile Include="GLFW\thread.c">
      <Filter>Third Party Source\GLFW</Filter>
    </ClCompile>
    <ClCompile Include="GLFW\window.c">
      <Filter>Third Party Source\GLFW</Filter>
    </ClCompile>
    <ClCompile Include="GLFW\win32\win32_dllmain.c">
      <Filter>Third Party Source\GLFW\win32</Filter>
    </ClCompile>
    <ClCompile Include="GLFW\win32\win32_enable.c">
      <Filter>Third Party Source\GLFW\win32</Filter>
    </ClCompile>
    <ClCompile Include="GLFW\win32\win32_fullscreen.c">
      <Filter>Third Party Source\GLFW\win32</Filter>
    </ClCompile>
    <ClCompile Include="GLFW\win32\win32_glext.c">
      <Filter>Third Party Source\GLFW\win32</Filter>
    </ClCompile>
    <ClCompile Include="GLFW\win32\win32_init.c">
      <Filter>Third Party Source\GLFW\win32</Filter>
    </ClCompile>
    <ClCompile Include="GLFW\win32\win32_joystick.c">
      <Filter>Third Party Source\GLFW\win32</Filter>
    </ClCompile>
    <ClCompile Include="GLFW\win32\win32_thread.c">
      <Filter>Third Party Source\GLFW\win32</Filter>
    </ClCompile>
    <ClCompile Include="GLFW\win32\win32_time.c">
      <Filter>Third Party Source\GLFW\win32</Filter>
    </ClCompile>
    <ClCompile Include="GLFW\win32\win32_window.c">
      <Filter>Third Party Source\GLFW\win32</Filter>
    </ClCompile>
    <ClCompile Include="GLFW\glfw_input.c">
      <Filter>Third Party Source\GLFW</Filter>
    </ClCompile>
    <ClCompile Include="GLFW\glfw_time.c">
      <Filter>Third Party Source\GLFW</Filter>
    </ClCompile>
    <ClCompile Include="GLEW\glew.c">
      <Filter>Third Party Source\GLEW</Filter>
    </ClCompile>
  </ItemGroup>
</Project>