
Microsoft Visual Studio Solution File, Format Version 11.00
# Visual Studio 2010
Project("{8BC9CEB8-8B4A-11D0-8D11-00A0C91BC942}") = "Network", "Network\Network.vcxproj", "{A9D440BA-2FDB-4B9F-8A29-D4EC1E949414}"
EndProject
Project("{8BC9CEB8-8B4A-11D0-8D11-00A0C91BC942}") = "ZTest_Core", "ZTest_Core\ZTest_Core.vcxproj", "{67A950EA-0286-42B2-BAB7-AF63382409D2}"
EndProject
Project("{8BC9CEB8-8B4A-11D0-8D11-00A0C91BC942}") = "Core", "Core\Core.vcxproj", "{357FCA8A-49C2-4031-860D-1083B7B7ED52}"
EndProject
Project("{8BC9CEB8-8B4A-11D0-8D11-00A0C91BC942}") = "ZTest", "ZTest\ZTest.vcxproj", "{F0AA5EF5-3130-4008-B762-9C001991F521}"
EndProject
Project("{8BC9CEB8-8B4A-11D0-8D11-00A0C91BC942}") = "Graphics", "Graphics\Graphics.vcxproj", "{780EDA44-9163-485E-B7E6-F4C763C011BC}"
EndProject
Project("{8BC9CEB8-8B4A-11D0-8D11-00A0C91BC942}") = "ZTest_Network", "ZTest_Network\ZTest_Network.vcxproj", "{306AF10F-3245-47B6-BF1D-467253A2670E}"
EndProject
Project("{2150E333-8FDC-42A3-9474-1A3956D46DE8}") = "Solution Items", "Solution Items", "{69F33B36-1869-4047-8AE6-83A4D89376A8}"
EndProject
Global
	GlobalSection(SolutionConfigurationPlatforms) = preSolution
		Debug|Win32 = Debug|Win32
		Release|Win32 = Release|Win32
	EndGlobalSection
	GlobalSection(ProjectConfigurationPlatforms) = postSolution
		{A9D440BA-2FDB-4B9F-8A29-D4EC1E949414}.Debug|Win32.ActiveCfg = Debug|Win32
		{A9D440BA-2FDB-4B9F-8A29-D4EC1E949414}.Debug|Win32.Build.0 = Debug|Win32
		{A9D440BA-2FDB-4B9F-8A29-D4EC1E949414}.Release|Win32.ActiveCfg = Release|Win32
		{A9D440BA-2FDB-4B9F-8A29-D4EC1E949414}.Release|Win32.Build.0 = Release|Win32
		{67A950EA-0286-42B2-BAB7-AF63382409D2}.Debug|Win32.ActiveCfg = Debug|Win32
		{67A950EA-0286-42B2-BAB7-AF63382409D2}.Debug|Win32.Build.0 = Debug|Win32
		{67A950EA-0286-42B2-BAB7-AF63382409D2}.Release|Win32.ActiveCfg = Release|Win32
		{67A950EA-0286-42B2-BAB7-AF63382409D2}.Release|Win32.Build.0 = Release|Win32
		{357FCA8A-49C2-4031-860D-1083B7B7ED52}.Debug|Win32.ActiveCfg = Debug|Win32
		{357FCA8A-49C2-4031-860D-1083B7B7ED52}.Debug|Win32.Build.0 = Debug|Win32
		{357FCA8A-49C2-4031-860D-1083B7B7ED52}.Release|Win32.ActiveCfg = Release|Win32
		{357FCA8A-49C2-4031-860D-1083B7B7ED52}.Release|Win32.Build.0 = Release|Win32
		{F0AA5EF5-3130-4008-B762-9C001991F521}.Debug|Win32.ActiveCfg = Debug|Win32
		{F0AA5EF5-3130-4008-B762-9C001991F521}.Debug|Win32.Build.0 = Debug|Win32
		{F0AA5EF5-3130-4008-B762-9C001991F521}.Release|Win32.ActiveCfg = Release|Win32
		{F0AA5EF5-3130-4008-B762-9C001991F521}.Release|Win32.Build.0 = Release|Win32
		{780EDA44-9163-485E-B7E6-F4C763C011BC}.Debug|Win32.ActiveCfg = Debug|Win32
		{780EDA44-9163-485E-B7E6-F4C763C011BC}.Debug|Win32.Build.0 = Debug|Win32
		{780EDA44-9163-485E-B7E6-F4C763C011BC}.Release|Win32.ActiveCfg = Release|Win32
		{780EDA44-9163-485E-B7E6-F4C763C011BC}.Release|Win32.Build.0 = Release|Win32
		{306AF10F-3245-47B6-BF1D-467253A2670E}.Debug|Win32.ActiveCfg = Debug|Win32
		{306AF10F-3245-47B6-BF1D-467253A2670E}.Debug|Win32.Build.0 = Debug|Win32
		{306AF10F-3245-47B6-BF1D-467253A2670E}.Release|Win32.ActiveCfg = Release|Win32
		{306AF10F-3245-47B6-BF1D-467253A2670E}.Release|Win32.Build.0 = Release|Win32
	EndGlobalSection
	GlobalSection(SolutionProperties) = preSolution
		HideSolutionNode = FALSE
	EndGlobalSection
EndGlobal
