<?xml version="1.0" encoding="utf-8"?>
<Project ToolsVersion="4.0" xmlns="http://schemas.microsoft.com/developer/msbuild/2003">
  <ItemGroup>
    <Filter Include="Source Files">
      <UniqueIdentifier>{4FC737F1-C7A5-4376-A066-2A32D752A2FF}</UniqueIdentifier>
      <Extensions>cpp;c;cc;cxx;def;odl;idl;hpj;bat;asm;asmx</Extensions>
    </Filter>
    <Filter Include="External Source">
      <UniqueIdentifier>{5a488971-b1f4-4ee0-b2c7-8b3283cebde9}</UniqueIdentifier>
    </Filter>
  </ItemGroup>
  <ItemGroup>
    <ClCompile Include="UnitTest_Packet.cpp">
      <Filter>Source Files</Filter>
    </ClCompile>
    <ClCompile Include="..\ZTest\UnitTest.cpp">
      <Filter>External Source</Filter>
    </ClCompile>
    <ClCompile Include="..\ZTest\main.cpp">
      <Filter>External Source</Filter>
    </ClCompile>
    <ClCompile Include="..\Network\Packet.cpp">
      <Filter>External Source</Filter>
    </ClCompile>
    <ClCompile Include="..\Core\floap.cpp">
      <Filter>External Source</Filter>
    </ClCompile>
    <ClCompile Include="..\Core\string_.cpp">
      <Filter>External Source</Filter>
    </ClCompile>
    <ClCompile Include="UnitTest_Network.cpp">
      <Filter>Source Files</Filter>
    </ClCompile>
    <ClCompile Include="..\Network\PacketAccumulator.cpp">
      <Filter>External Source</Filter>
    </ClCompile>
    <ClCompile Include="..\Network\Network.cpp">
      <Filter>External Source</Filter>
    </ClCompile>
    <ClCompile Include="..\Core\debug.cpp">
      <Filter>External Source</Filter>
    </ClCompile>
    <ClCompile Include="..\Core\timer.cpp">
      <Filter>External Source</Filter>
    </ClCompile>
  </ItemGroup>
</Project>